Microsoft Visual Studio Solution File, Format Version 12.00
# Visual Studio Version 17
VisualStudioVersion = 17.5.2.0
MinimumVisualStudioVersion = 10.0.40219.1
Project("{FAE04EC0-301F-11D3-BF4B-00C04F79EFBC}") = "RedeSocialW", "src\RedeSocialW.csproj", "{04A21033-8604-9ADB-861C-11B4E69E78C3}"
EndProject
Global
	GlobalSection(SolutionConfigurationPlatforms) = preSolution
		Debug|Any CPU = Debug|Any CPU
		Release|Any CPU = Release|Any CPU
	EndGlobalSection
	GlobalSection(ProjectConfigurationPlatforms) = postSolution
		{04A21033-8604-9ADB-861C-11B4E69E78C3}.Debug|Any CPU.ActiveCfg = Debug|Any CPU
		{04A21033-8604-9ADB-861C-11B4E69E78C3}.Debug|Any CPU.Build.0 = Debug|Any CPU
		{04A21033-8604-9ADB-861C-11B4E69E78C3}.Release|Any CPU.ActiveCfg = Release|Any CPU
		{04A21033-8604-9ADB-861C-11B4E69E78C3}.Release|Any CPU.Build.0 = Release|Any CPU
	EndGlobalSection
	GlobalSection(SolutionProperties) = preSolution
		HideSolutionNode = FALSE
	EndGlobalSection
	GlobalSection(ExtensibilityGlobals) = postSolution
		SolutionGuid = {A23D3DFC-BAF0-4471-868E-B805594268EA}
	EndGlobalSection
EndGlobal
